// !$*UTF8*$!
{
	archiveVersion = 1;
	classes = {
	};
	objectVersion = 50;
	objects = {

/* Begin PBXBuildFile section */
		050103C2A0395955DAF615C8 /* Pods_DeltaTestTests.framework in Frameworks */ = {isa = PBXBuildFile; fileRef = 6213221A9AC41178E22CF3FC /* Pods_DeltaTestTests.framework */; };
		1F55ACAA22689C3300F8E86E /* HomeViewModel.swift in Sources */ = {isa = PBXBuildFile; fileRef = 1F55ACA922689C3300F8E86E /* HomeViewModel.swift */; };
		1F55ACAC22689CA000F8E86E /* Constants.swift in Sources */ = {isa = PBXBuildFile; fileRef = 1F55ACAB22689CA000F8E86E /* Constants.swift */; };
		1F55ACAE2268A24F00F8E86E /* HomeModel.swift in Sources */ = {isa = PBXBuildFile; fileRef = 1F55ACAD2268A24F00F8E86E /* HomeModel.swift */; };
		1F5BD9AB2269D1EB00EF0697 /* NetworkHelper.swift in Sources */ = {isa = PBXBuildFile; fileRef = 1F5BD9AA2269D1EB00EF0697 /* NetworkHelper.swift */; };
		1F5BD9AD2269D92000EF0697 /* UIViewControllerExtension.swift in Sources */ = {isa = PBXBuildFile; fileRef = 1F5BD9AC2269D92000EF0697 /* UIViewControllerExtension.swift */; };
		1F5BD9AF2269E20100EF0697 /* AboutCanadaModel.swift in Sources */ = {isa = PBXBuildFile; fileRef = 1F5BD9AE2269E20100EF0697 /* AboutCanadaModel.swift */; };
		1F5BD9B12269E25400EF0697 /* AboutCanadaViewModel.swift in Sources */ = {isa = PBXBuildFile; fileRef = 1F5BD9B02269E25300EF0697 /* AboutCanadaViewModel.swift */; };
		1FBB4AD422686276002551E8 /* AppDelegate.swift in Sources */ = {isa = PBXBuildFile; fileRef = 1FBB4AD322686276002551E8 /* AppDelegate.swift */; };
		1FBB4AD622686276002551E8 /* HomeViewController.swift in Sources */ = {isa = PBXBuildFile; fileRef = 1FBB4AD522686276002551E8 /* HomeViewController.swift */; };
		1FBB4AD922686276002551E8 /* Main.storyboard in Resources */ = {isa = PBXBuildFile; fileRef = 1FBB4AD722686276002551E8 /* Main.storyboard */; };
		1FBB4ADC22686276002551E8 /* DeltaTest.xcdatamodeld in Sources */ = {isa = PBXBuildFile; fileRef = 1FBB4ADA22686276002551E8 /* DeltaTest.xcdatamodeld */; };
		1FBB4ADE22686277002551E8 /* Assets.xcassets in Resources */ = {isa = PBXBuildFile; fileRef = 1FBB4ADD22686277002551E8 /* Assets.xcassets */; };
		1FBB4AE122686277002551E8 /* LaunchScreen.storyboard in Resources */ = {isa = PBXBuildFile; fileRef = 1FBB4ADF22686277002551E8 /* LaunchScreen.storyboard */; };
		1FBB4AEC22686277002551E8 /* DeltaTestTests.swift in Sources */ = {isa = PBXBuildFile; fileRef = 1FBB4AEB22686277002551E8 /* DeltaTestTests.swift */; };
		1FBB4AF722686277002551E8 /* DeltaTestUITests.swift in Sources */ = {isa = PBXBuildFile; fileRef = 1FBB4AF622686277002551E8 /* DeltaTestUITests.swift */; };
		1FBB4B0A22686801002551E8 /* APIManager.swift in Sources */ = {isa = PBXBuildFile; fileRef = 1FBB4B0922686801002551E8 /* APIManager.swift */; };
		4BE021CB1C7AB2282D66D238 /* Pods_DeltaTestUITests.framework in Frameworks */ = {isa = PBXBuildFile; fileRef = C8EAC1DA423958A4864B9BDA /* Pods_DeltaTestUITests.framework */; };
		85C41D31486D2C3C726459C5 /* Pods_DeltaTest.framework in Frameworks */ = {isa = PBXBuildFile; fileRef = 30F0083B171325C8677BE3DC /* Pods_DeltaTest.framework */; };
/* End PBXBuildFile section */

/* Begin PBXContainerItemProxy section */
		1FBB4AE822686277002551E8 /* PBXContainerItemProxy */ = {
			isa = PBXContainerItemProxy;
			containerPortal = 1FBB4AC822686276002551E8 /* Project object */;
			proxyType = 1;
			remoteGlobalIDString = 1FBB4ACF22686276002551E8;
			remoteInfo = DeltaTest;
		};
		1FBB4AF322686277002551E8 /* PBXContainerItemProxy */ = {
			isa = PBXContainerItemProxy;
			containerPortal = 1FBB4AC822686276002551E8 /* Project object */;
			proxyType = 1;
			remoteGlobalIDString = 1FBB4ACF22686276002551E8;
			remoteInfo = DeltaTest;
		};
/* End PBXContainerItemProxy section */

/* Begin PBXFileReference section */
		087E0280F71C1471A3F6C9DE /* Pods-DeltaTestTests.debug.xcconfig */ = {isa = PBXFileReference; includeInIndex = 1; lastKnownFileType = text.xcconfig; name = "Pods-DeltaTestTests.debug.xcconfig"; path = "Pods/Target Support Files/Pods-DeltaTestTests/Pods-DeltaTestTests.debug.xcconfig"; sourceTree = "<group>"; };
		1F55ACA922689C3300F8E86E /* HomeViewModel.swift */ = {isa = PBXFileReference; lastKnownFileType = sourcecode.swift; path = HomeViewModel.swift; sourceTree = "<group>"; };
		1F55ACAB22689CA000F8E86E /* Constants.swift */ = {isa = PBXFileReference; lastKnownFileType = sourcecode.swift; path = Constants.swift; sourceTree = "<group>"; };
		1F55ACAD2268A24F00F8E86E /* HomeModel.swift */ = {isa = PBXFileReference; lastKnownFileType = sourcecode.swift; path = HomeModel.swift; sourceTree = "<group>"; };
		1F5BD9AA2269D1EB00EF0697 /* NetworkHelper.swift */ = {isa = PBXFileReference; lastKnownFileType = sourcecode.swift; path = NetworkHelper.swift; sourceTree = "<group>"; };
		1F5BD9AC2269D92000EF0697 /* UIViewControllerExtension.swift */ = {isa = PBXFileReference; lastKnownFileType = sourcecode.swift; path = UIViewControllerExtension.swift; sourceTree = "<group>"; };
		1F5BD9AE2269E20100EF0697 /* AboutCanadaModel.swift */ = {isa = PBXFileReference; fileEncoding = 4; lastKnownFileType = sourcecode.swift; path = AboutCanadaModel.swift; sourceTree = "<group>"; };
		1F5BD9B02269E25300EF0697 /* AboutCanadaViewModel.swift */ = {isa = PBXFileReference; fileEncoding = 4; lastKnownFileType = sourcecode.swift; path = AboutCanadaViewModel.swift; sourceTree = "<group>"; };
		1FBB4AD022686276002551E8 /* DeltaTest.app */ = {isa = PBXFileReference; explicitFileType = wrapper.application; includeInIndex = 0; path = DeltaTest.app; sourceTree = BUILT_PRODUCTS_DIR; };
		1FBB4AD322686276002551E8 /* AppDelegate.swift */ = {isa = PBXFileReference; lastKnownFileType = sourcecode.swift; path = AppDelegate.swift; sourceTree = "<group>"; };
		1FBB4AD522686276002551E8 /* HomeViewController.swift */ = {isa = PBXFileReference; lastKnownFileType = sourcecode.swift; path = HomeViewController.swift; sourceTree = "<group>"; };
		1FBB4AD822686276002551E8 /* Base */ = {isa = PBXFileReference; lastKnownFileType = file.storyboard; name = Base; path = Base.lproj/Main.storyboard; sourceTree = "<group>"; };
		1FBB4ADB22686276002551E8 /* DeltaTest.xcdatamodel */ = {isa = PBXFileReference; lastKnownFileType = wrapper.xcdatamodel; path = DeltaTest.xcdatamodel; sourceTree = "<group>"; };
		1FBB4ADD22686277002551E8 /* Assets.xcassets */ = {isa = PBXFileReference; lastKnownFileType = folder.assetcatalog; path = Assets.xcassets; sourceTree = "<group>"; };
		1FBB4AE022686277002551E8 /* Base */ = {isa = PBXFileReference; lastKnownFileType = file.storyboard; name = Base; path = Base.lproj/LaunchScreen.storyboard; sourceTree = "<group>"; };
		1FBB4AE222686277002551E8 /* Info.plist */ = {isa = PBXFileReference; lastKnownFileType = text.plist.xml; path = Info.plist; sourceTree = "<group>"; };
		1FBB4AE722686277002551E8 /* DeltaTestTests.xctest */ = {isa = PBXFileReference; explicitFileType = wrapper.cfbundle; includeInIndex = 0; path = DeltaTestTests.xctest; sourceTree = BUILT_PRODUCTS_DIR; };
		1FBB4AEB22686277002551E8 /* DeltaTestTests.swift */ = {isa = PBXFileReference; lastKnownFileType = sourcecode.swift; path = DeltaTestTests.swift; sourceTree = "<group>"; };
		1FBB4AED22686277002551E8 /* Info.plist */ = {isa = PBXFileReference; lastKnownFileType = text.plist.xml; path = Info.plist; sourceTree = "<group>"; };
		1FBB4AF222686277002551E8 /* DeltaTestUITests.xctest */ = {isa = PBXFileReference; explicitFileType = wrapper.cfbundle; includeInIndex = 0; path = DeltaTestUITests.xctest; sourceTree = BUILT_PRODUCTS_DIR; };
		1FBB4AF622686277002551E8 /* DeltaTestUITests.swift */ = {isa = PBXFileReference; lastKnownFileType = sourcecode.swift; path = DeltaTestUITests.swift; sourceTree = "<group>"; };
		1FBB4AF822686277002551E8 /* Info.plist */ = {isa = PBXFileReference; lastKnownFileType = text.plist.xml; path = Info.plist; sourceTree = "<group>"; };
		1FBB4B0922686801002551E8 /* APIManager.swift */ = {isa = PBXFileReference; lastKnownFileType = sourcecode.swift; path = APIManager.swift; sourceTree = "<group>"; };
		30F0083B171325C8677BE3DC /* Pods_DeltaTest.framework */ = {isa = PBXFileReference; explicitFileType = wrapper.framework; includeInIndex = 0; path = Pods_DeltaTest.framework; sourceTree = BUILT_PRODUCTS_DIR; };
		586A35142F61A05DA2B30E82 /* Pods-DeltaTestUITests.debug.xcconfig */ = {isa = PBXFileReference; includeInIndex = 1; lastKnownFileType = text.xcconfig; name = "Pods-DeltaTestUITests.debug.xcconfig"; path = "Pods/Target Support Files/Pods-DeltaTestUITests/Pods-DeltaTestUITests.debug.xcconfig"; sourceTree = "<group>"; };
		6213221A9AC41178E22CF3FC /* Pods_DeltaTestTests.framework */ = {isa = PBXFileReference; explicitFileType = wrapper.framework; includeInIndex = 0; path = Pods_DeltaTestTests.framework; sourceTree = BUILT_PRODUCTS_DIR; };
		7F5A9CFB7DCDED421AAF6CCF /* Pods-DeltaTestTests.release.xcconfig */ = {isa = PBXFileReference; includeInIndex = 1; lastKnownFileType = text.xcconfig; name = "Pods-DeltaTestTests.release.xcconfig"; path = "Pods/Target Support Files/Pods-DeltaTestTests/Pods-DeltaTestTests.release.xcconfig"; sourceTree = "<group>"; };
		88F7412905355686B0426B33 /* Pods-DeltaTest.release.xcconfig */ = {isa = PBXFileReference; includeInIndex = 1; lastKnownFileType = text.xcconfig; name = "Pods-DeltaTest.release.xcconfig"; path = "Pods/Target Support Files/Pods-DeltaTest/Pods-DeltaTest.release.xcconfig"; sourceTree = "<group>"; };
		C8EAC1DA423958A4864B9BDA /* Pods_DeltaTestUITests.framework */ = {isa = PBXFileReference; explicitFileType = wrapper.framework; includeInIndex = 0; path = Pods_DeltaTestUITests.framework; sourceTree = BUILT_PRODUCTS_DIR; };
		D694243FDAE8D0E1E169048B /* Pods-DeltaTestUITests.release.xcconfig */ = {isa = PBXFileReference; includeInIndex = 1; lastKnownFileType = text.xcconfig; name = "Pods-DeltaTestUITests.release.xcconfig"; path = "Pods/Target Support Files/Pods-DeltaTestUITests/Pods-DeltaTestUITests.release.xcconfig"; sourceTree = "<group>"; };
		E441B60FD27EE3C6162C400A /* Pods-DeltaTest.debug.xcconfig */ = {isa = PBXFileReference; includeInIndex = 1; lastKnownFileType = text.xcconfig; name = "Pods-DeltaTest.debug.xcconfig"; path = "Pods/Target Support Files/Pods-DeltaTest/Pods-DeltaTest.debug.xcconfig"; sourceTree = "<group>"; };
/* End PBXFileReference section */

/* Begin PBXFrameworksBuildPhase section */
		1FBB4ACD22686276002551E8 /* Frameworks */ = {
			isa = PBXFrameworksBuildPhase;
			buildActionMask = 2147483647;
			files = (
				85C41D31486D2C3C726459C5 /* Pods_DeltaTest.framework in Frameworks */,
			);
			runOnlyForDeploymentPostprocessing = 0;
		};
		1FBB4AE422686277002551E8 /* Frameworks */ = {
			isa = PBXFrameworksBuildPhase;
			buildActionMask = 2147483647;
			files = (
				050103C2A0395955DAF615C8 /* Pods_DeltaTestTests.framework in Frameworks */,
			);
			runOnlyForDeploymentPostprocessing = 0;
		};
		1FBB4AEF22686277002551E8 /* Frameworks */ = {
			isa = PBXFrameworksBuildPhase;
			buildActionMask = 2147483647;
			files = (
				4BE021CB1C7AB2282D66D238 /* Pods_DeltaTestUITests.framework in Frameworks */,
			);
			runOnlyForDeploymentPostprocessing = 0;
		};
/* End PBXFrameworksBuildPhase section */

/* Begin PBXGroup section */
		093B66F46059ED1EA4CA7124 /* Pods */ = {
			isa = PBXGroup;
			children = (
				E441B60FD27EE3C6162C400A /* Pods-DeltaTest.debug.xcconfig */,
				88F7412905355686B0426B33 /* Pods-DeltaTest.release.xcconfig */,
				087E0280F71C1471A3F6C9DE /* Pods-DeltaTestTests.debug.xcconfig */,
				7F5A9CFB7DCDED421AAF6CCF /* Pods-DeltaTestTests.release.xcconfig */,
				586A35142F61A05DA2B30E82 /* Pods-DeltaTestUITests.debug.xcconfig */,
				D694243FDAE8D0E1E169048B /* Pods-DeltaTestUITests.release.xcconfig */,
			);
			name = Pods;
			sourceTree = "<group>";
		};
		1FBB4AC722686276002551E8 = {
			isa = PBXGroup;
			children = (
				1FBB4AD222686276002551E8 /* DeltaTest */,
				1FBB4AEA22686277002551E8 /* DeltaTestTests */,
				1FBB4AF522686277002551E8 /* DeltaTestUITests */,
				1FBB4AD122686276002551E8 /* Products */,
				093B66F46059ED1EA4CA7124 /* Pods */,
				38B238C82E2054D58BE4CAF1 /* Frameworks */,
			);
			sourceTree = "<group>";
		};
		1FBB4AD122686276002551E8 /* Products */ = {
			isa = PBXGroup;
			children = (
				1FBB4AD022686276002551E8 /* DeltaTest.app */,
				1FBB4AE722686277002551E8 /* DeltaTestTests.xctest */,
				1FBB4AF222686277002551E8 /* DeltaTestUITests.xctest */,
			);
			name = Products;
			sourceTree = "<group>";
		};
		1FBB4AD222686276002551E8 /* DeltaTest */ = {
			isa = PBXGroup;
			children = (
				1FBB4B082268656E002551E8 /* Network */,
				1FBB4B072268655F002551E8 /* Controllers */,
				1FBB4B0622686553002551E8 /* Utility */,
				1FBB4B052268654A002551E8 /* ViewModel */,
				1FBB4B0422686541002551E8 /* Model */,
				1FBB4AD322686276002551E8 /* AppDelegate.swift */,
				1FBB4AD722686276002551E8 /* Main.storyboard */,
				1FBB4ADD22686277002551E8 /* Assets.xcassets */,
				1FBB4ADF22686277002551E8 /* LaunchScreen.storyboard */,
				1FBB4AE222686277002551E8 /* Info.plist */,
				1FBB4ADA22686276002551E8 /* DeltaTest.xcdatamodeld */,
			);
			path = DeltaTest;
			sourceTree = "<group>";
		};
		1FBB4AEA22686277002551E8 /* DeltaTestTests */ = {
			isa = PBXGroup;
			children = (
				1FBB4AEB22686277002551E8 /* DeltaTestTests.swift */,
				1FBB4AED22686277002551E8 /* Info.plist */,
			);
			path = DeltaTestTests;
			sourceTree = "<group>";
		};
		1FBB4AF522686277002551E8 /* DeltaTestUITests */ = {
			isa = PBXGroup;
			children = (
				1FBB4AF622686277002551E8 /* DeltaTestUITests.swift */,
				1FBB4AF822686277002551E8 /* Info.plist */,
			);
			path = DeltaTestUITests;
			sourceTree = "<group>";
		};
		1FBB4B0422686541002551E8 /* Model */ = {
			isa = PBXGroup;
			children = (
				1F5BD9AE2269E20100EF0697 /* AboutCanadaModel.swift */,
				1F55ACAD2268A24F00F8E86E /* HomeModel.swift */,
			);
			path = Model;
			sourceTree = "<group>";
		};
		1FBB4B052268654A002551E8 /* ViewModel */ = {
			isa = PBXGroup;
			children = (
				1F5BD9B02269E25300EF0697 /* AboutCanadaViewModel.swift */,
				1F55ACA922689C3300F8E86E /* HomeViewModel.swift */,
			);
			path = ViewModel;
			sourceTree = "<group>";
		};
		1FBB4B0622686553002551E8 /* Utility */ = {
			isa = PBXGroup;
			children = (
				1F55ACAB22689CA000F8E86E /* Constants.swift */,
				1F5BD9AC2269D92000EF0697 /* UIViewControllerExtension.swift */,
			);
			path = Utility;
			sourceTree = "<group>";
		};
		1FBB4B072268655F002551E8 /* Controllers */ = {
			isa = PBXGroup;
			children = (
				1FBB4AD522686276002551E8 /* HomeViewController.swift */,
			);
			path = Controllers;
			sourceTree = "<group>";
		};
		1FBB4B082268656E002551E8 /* Network */ = {
			isa = PBXGroup;
			children = (
				1FBB4B0922686801002551E8 /* APIManager.swift */,
				1F5BD9AA2269D1EB00EF0697 /* NetworkHelper.swift */,
			);
			path = Network;
			sourceTree = "<group>";
		};
		38B238C82E2054D58BE4CAF1 /* Frameworks */ = {
			isa = PBXGroup;
			children = (
				30F0083B171325C8677BE3DC /* Pods_DeltaTest.framework */,
				6213221A9AC41178E22CF3FC /* Pods_DeltaTestTests.framework */,
				C8EAC1DA423958A4864B9BDA /* Pods_DeltaTestUITests.framework */,
			);
			name = Frameworks;
			sourceTree = "<group>";
		};
/* End PBXGroup section */

/* Begin PBXNativeTarget section */
		1FBB4ACF22686276002551E8 /* DeltaTest */ = {
			isa = PBXNativeTarget;
			buildConfigurationList = 1FBB4AFB22686277002551E8 /* Build configuration list for PBXNativeTarget "DeltaTest" */;
			buildPhases = (
				BD934133FC976ED35F3CDB50 /* [CP] Check Pods Manifest.lock */,
				1FBB4ACC22686276002551E8 /* Sources */,
				1FBB4ACD22686276002551E8 /* Frameworks */,
				1FBB4ACE22686276002551E8 /* Resources */,
				5BDE368BD7CD1C7A37082701 /* [CP] Embed Pods Frameworks */,
			);
			buildRules = (
			);
			dependencies = (
			);
			name = DeltaTest;
			productName = DeltaTest;
			productReference = 1FBB4AD022686276002551E8 /* DeltaTest.app */;
			productType = "com.apple.product-type.application";
		};
		1FBB4AE622686277002551E8 /* DeltaTestTests */ = {
			isa = PBXNativeTarget;
			buildConfigurationList = 1FBB4AFE22686277002551E8 /* Build configuration list for PBXNativeTarget "DeltaTestTests" */;
			buildPhases = (
				30EB997609392A7229CF01E8 /* [CP] Check Pods Manifest.lock */,
				1FBB4AE322686277002551E8 /* Sources */,
				1FBB4AE422686277002551E8 /* Frameworks */,
				1FBB4AE522686277002551E8 /* Resources */,
			);
			buildRules = (
			);
			dependencies = (
				1FBB4AE922686277002551E8 /* PBXTargetDependency */,
			);
			name = DeltaTestTests;
			productName = DeltaTestTests;
			productReference = 1FBB4AE722686277002551E8 /* DeltaTestTests.xctest */;
			productType = "com.apple.product-type.bundle.unit-test";
		};
		1FBB4AF122686277002551E8 /* DeltaTestUITests */ = {
			isa = PBXNativeTarget;
			buildConfigurationList = 1FBB4B0122686277002551E8 /* Build configuration list for PBXNativeTarget "DeltaTestUITests" */;
			buildPhases = (
				43220557F3F2B6CC9E7F9039 /* [CP] Check Pods Manifest.lock */,
				1FBB4AEE22686277002551E8 /* Sources */,
				1FBB4AEF22686277002551E8 /* Frameworks */,
				1FBB4AF022686277002551E8 /* Resources */,
			);
			buildRules = (
			);
			dependencies = (
				1FBB4AF422686277002551E8 /* PBXTargetDependency */,
			);
			name = DeltaTestUITests;
			productName = DeltaTestUITests;
			productReference = 1FBB4AF222686277002551E8 /* DeltaTestUITests.xctest */;
			productType = "com.apple.product-type.bundle.ui-testing";
		};
/* End PBXNativeTarget section */

/* Begin PBXProject section */
		1FBB4AC822686276002551E8 /* Project object */ = {
			isa = PBXProject;
			attributes = {
				LastSwiftUpdateCheck = 1010;
				LastUpgradeCheck = 1010;
				ORGANIZATIONNAME = "Rahul Singh";
				TargetAttributes = {
					1FBB4ACF22686276002551E8 = {
						CreatedOnToolsVersion = 10.1;
					};
					1FBB4AE622686277002551E8 = {
						CreatedOnToolsVersion = 10.1;
						TestTargetID = 1FBB4ACF22686276002551E8;
					};
					1FBB4AF122686277002551E8 = {
						CreatedOnToolsVersion = 10.1;
						TestTargetID = 1FBB4ACF22686276002551E8;
					};
				};
			};
			buildConfigurationList = 1FBB4ACB22686276002551E8 /* Build configuration list for PBXProject "DeltaTest" */;
			compatibilityVersion = "Xcode 9.3";
			developmentRegion = en;
			hasScannedForEncodings = 0;
			knownRegions = (
				en,
				Base,
			);
			mainGroup = 1FBB4AC722686276002551E8;
			productRefGroup = 1FBB4AD122686276002551E8 /* Products */;
			projectDirPath = "";
			projectRoot = "";
			targets = (
				1FBB4ACF22686276002551E8 /* DeltaTest */,
				1FBB4AE622686277002551E8 /* DeltaTestTests */,
				1FBB4AF122686277002551E8 /* DeltaTestUITests */,
			);
		};
/* End PBXProject section */

/* Begin PBXResourcesBuildPhase section */
		1FBB4ACE22686276002551E8 /* Resources */ = {
			isa = PBXResourcesBuildPhase;
			buildActionMask = 2147483647;
			files = (
				1FBB4AE122686277002551E8 /* LaunchScreen.storyboard in Resources */,
				1FBB4ADE22686277002551E8 /* Assets.xcassets in Resources */,
				1FBB4AD922686276002551E8 /* Main.storyboard in Resources */,
			);
			runOnlyForDeploymentPostprocessing = 0;
		};
		1FBB4AE522686277002551E8 /* Resources */ = {
			isa = PBXResourcesBuildPhase;
			buildActionMask = 2147483647;
			files = (
			);
			runOnlyForDeploymentPostprocessing = 0;
		};
		1FBB4AF022686277002551E8 /* Resources */ = {
			isa = PBXResourcesBuildPhase;
			buildActionMask = 2147483647;
			files = (
			);
			runOnlyForDeploymentPostprocessing = 0;
		};
/* End PBXResourcesBuildPhase section */

/* Begin PBXShellScriptBuildPhase section */
		30EB997609392A7229CF01E8 /* [CP] Check Pods Manifest.lock */ = {
			isa = PBXShellScriptBuildPhase;
			buildActionMask = 2147483647;
			files = (
			);
			inputFileListPaths = (
			);
			inputPaths = (
				"${PODS_PODFILE_DIR_PATH}/Podfile.lock",
				"${PODS_ROOT}/Manifest.lock",
			);
			name = "[CP] Check Pods Manifest.lock";
			outputFileListPaths = (
			);
			outputPaths = (
				"$(DERIVED_FILE_DIR)/Pods-DeltaTestTests-checkManifestLockResult.txt",
			);
			runOnlyForDeploymentPostprocessing = 0;
			shellPath = /bin/sh;
			shellScript = "diff \"${PODS_PODFILE_DIR_PATH}/Podfile.lock\" \"${PODS_ROOT}/Manifest.lock\" > /dev/null\nif [ $? != 0 ] ; then\n    # print error to STDERR\n    echo \"error: The sandbox is not in sync with the Podfile.lock. Run 'pod install' or update your CocoaPods installation.\" >&2\n    exit 1\nfi\n# This output is used by Xcode 'outputs' to avoid re-running this script phase.\necho \"SUCCESS\" > \"${SCRIPT_OUTPUT_FILE_0}\"\n";
			showEnvVarsInLog = 0;
		};
		43220557F3F2B6CC9E7F9039 /* [CP] Check Pods Manifest.lock */ = {
			isa = PBXShellScriptBuildPhase;
			buildActionMask = 2147483647;
			files = (
			);
			inputFileListPaths = (
			);
			inputPaths = (
				"${PODS_PODFILE_DIR_PATH}/Podfile.lock",
				"${PODS_ROOT}/Manifest.lock",
			);
			name = "[CP] Check Pods Manifest.lock";
			outputFileListPaths = (
			);
			outputPaths = (
				"$(DERIVED_FILE_DIR)/Pods-DeltaTestUITests-checkManifestLockResult.txt",
			);
			runOnlyForDeploymentPostprocessing = 0;
			shellPath = /bin/sh;
			shellScript = "diff \"${PODS_PODFILE_DIR_PATH}/Podfile.lock\" \"${PODS_ROOT}/Manifest.lock\" > /dev/null\nif [ $? != 0 ] ; then\n    # print error to STDERR\n    echo \"error: The sandbox is not in sync with the Podfile.lock. Run 'pod install' or update your CocoaPods installation.\" >&2\n    exit 1\nfi\n# This output is used by Xcode 'outputs' to avoid re-running this script phase.\necho \"SUCCESS\" > \"${SCRIPT_OUTPUT_FILE_0}\"\n";
			showEnvVarsInLog = 0;
		};
		5BDE368BD7CD1C7A37082701 /* [CP] Embed Pods Frameworks */ = {
			isa = PBXShellScriptBuildPhase;
			buildActionMask = 2147483647;
			files = (
			);
			inputFileListPaths = (
			);
			inputPaths = (
				"${SRCROOT}/Pods/Target Support Files/Pods-DeltaTest/Pods-DeltaTest-frameworks.sh",
				"${BUILT_PRODUCTS_DIR}/Alamofire/Alamofire.framework",
				"${BUILT_PRODUCTS_DIR}/AlamofireNetworkActivityIndicator/AlamofireNetworkActivityIndicator.framework",
				"${BUILT_PRODUCTS_DIR}/MBProgressHUD/MBProgressHUD.framework",
			);
			name = "[CP] Embed Pods Frameworks";
			outputFileListPaths = (
			);
			outputPaths = (
				"${TARGET_BUILD_DIR}/${FRAMEWORKS_FOLDER_PATH}/Alamofire.framework",
				"${TARGET_BUILD_DIR}/${FRAMEWORKS_FOLDER_PATH}/AlamofireNetworkActivityIndicator.framework",
				"${TARGET_BUILD_DIR}/${FRAMEWORKS_FOLDER_PATH}/MBProgressHUD.framework",
			);
			runOnlyForDeploymentPostprocessing = 0;
			shellPath = /bin/sh;
			shellScript = "\"${SRCROOT}/Pods/Target Support Files/Pods-DeltaTest/Pods-DeltaTest-frameworks.sh\"\n";
			showEnvVarsInLog = 0;
		};
		BD934133FC976ED35F3CDB50 /* [CP] Check Pods Manifest.lock */ = {
			isa = PBXShellScriptBuildPhase;
			buildActionMask = 2147483647;
			files = (
			);
			inputFileListPaths = (
			);
			inputPaths = (
				"${PODS_PODFILE_DIR_PATH}/Podfile.lock",
				"${PODS_ROOT}/Manifest.lock",
			);
			name = "[CP] Check Pods Manifest.lock";
			outputFileListPaths = (
			);
			outputPaths = (
				"$(DERIVED_FILE_DIR)/Pods-DeltaTest-checkManifestLockResult.txt",
			);
			runOnlyForDeploymentPostprocessing = 0;
			shellPath = /bin/sh;
			shellScript = "diff \"${PODS_PODFILE_DIR_PATH}/Podfile.lock\" \"${PODS_ROOT}/Manifest.lock\" > /dev/null\nif [ $? != 0 ] ; then\n    # print error to STDERR\n    echo \"error: The sandbox is not in sync with the Podfile.lock. Run 'pod install' or update your CocoaPods installation.\" >&2\n    exit 1\nfi\n# This output is used by Xcode 'outputs' to avoid re-running this script phase.\necho \"SUCCESS\" > \"${SCRIPT_OUTPUT_FILE_0}\"\n";
			showEnvVarsInLog = 0;
		};
/* End PBXShellScriptBuildPhase section */

/* Begin PBXSourcesBuildPhase section */
		1FBB4ACC22686276002551E8 /* Sources */ = {
			isa = PBXSourcesBuildPhase;
			buildActionMask = 2147483647;
			files = (
				1F5BD9B12269E25400EF0697 /* AboutCanadaViewModel.swift in Sources */,
				1F55ACAC22689CA000F8E86E /* Constants.swift in Sources */,
				1F5BD9AB2269D1EB00EF0697 /* NetworkHelper.swift in Sources */,
				1F5BD9AD2269D92000EF0697 /* UIViewControllerExtension.swift in Sources */,
				1FBB4B0A22686801002551E8 /* APIManager.swift in Sources */,
				1FBB4ADC22686276002551E8 /* DeltaTest.xcdatamodeld in Sources */,
				1F55ACAE2268A24F00F8E86E /* HomeModel.swift in Sources */,
				1FBB4AD622686276002551E8 /* HomeViewController.swift in Sources */,
				1F55ACAA22689C3300F8E86E /* HomeViewModel.swift in Sources */,
				1FBB4AD422686276002551E8 /* AppDelegate.swift in Sources */,
				1F5BD9AF2269E20100EF0697 /* AboutCanadaModel.swift in Sources */,
			);
			runOnlyForDeploymentPostprocessing = 0;
		};
		1FBB4AE322686277002551E8 /* Sources */ = {
			isa = PBXSourcesBuildPhase;
			buildActionMask = 2147483647;
			files = (
				1FBB4AEC22686277002551E8 /* DeltaTestTests.swift in Sources */,
			);
			runOnlyForDeploymentPostprocessing = 0;
		};
		1FBB4AEE22686277002551E8 /* Sources */ = {
			isa = PBXSourcesBuildPhase;
			buildActionMask = 2147483647;
			files = (
				1FBB4AF722686277002551E8 /* DeltaTestUITests.swift in Sources */,
			);
			runOnlyForDeploymentPostprocessing = 0;
		};
/* End PBXSourcesBuildPhase section */

/* Begin PBXTargetDependency section */
		1FBB4AE922686277002551E8 /* PBXTargetDependency */ = {
			isa = PBXTargetDependency;
			target = 1FBB4ACF22686276002551E8 /* DeltaTest */;
			targetProxy = 1FBB4AE822686277002551E8 /* PBXContainerItemProxy */;
		};
		1FBB4AF422686277002551E8 /* PBXTargetDependency */ = {
			isa = PBXTargetDependency;
			target = 1FBB4ACF22686276002551E8 /* DeltaTest */;
			targetProxy = 1FBB4AF322686277002551E8 /* PBXContainerItemProxy */;
		};
/* End PBXTargetDependency section */

/* Begin PBXVariantGroup section */
		1FBB4AD722686276002551E8 /* Main.storyboard */ = {
			isa = PBXVariantGroup;
			children = (
				1FBB4AD822686276002551E8 /* Base */,
			);
			name = Main.storyboard;
			sourceTree = "<group>";
		};
		1FBB4ADF22686277002551E8 /* LaunchScreen.storyboard */ = {
			isa = PBXVariantGroup;
			children = (
				1FBB4AE022686277002551E8 /* Base */,
			);
			name = LaunchScreen.storyboard;
			sourceTree = "<group>";
		};
/* End PBXVariantGroup section */

/* Begin XCBuildConfiguration section */
		1FBB4AF922686277002551E8 /* Debug */ = {
			isa = XCBuildConfiguration;
			buildSettings = {
				ALWAYS_SEARCH_USER_PATHS = NO;
				CLANG_ANALYZER_NONNULL = YES;
				CLANG_ANALYZER_NUMBER_OBJECT_CONVERSION = YES_AGGRESSIVE;
				CLANG_CXX_LANGUAGE_STANDARD = "gnu++14";
				CLANG_CXX_LIBRARY = "libc++";
				CLANG_ENABLE_MODULES = YES;
				CLANG_ENABLE_OBJC_ARC = YES;
				CLANG_ENABLE_OBJC_WEAK = YES;
				CLANG_WARN_BLOCK_CAPTURE_AUTORELEASING = YES;
				CLANG_WARN_BOOL_CONVERSION = YES;
				CLANG_WARN_COMMA = YES;
				CLANG_WARN_CONSTANT_CONVERSION = YES;
				CLANG_WARN_DEPRECATED_OBJC_IMPLEMENTATIONS = YES;
				CLANG_WARN_DIRECT_OBJC_ISA_USAGE = YES_ERROR;
				CLANG_WARN_DOCUMENTATION_COMMENTS = YES;
				CLANG_WARN_EMPTY_BODY = YES;
				CLANG_WARN_ENUM_CONVERSION = YES;
				CLANG_WARN_INFINITE_RECURSION = YES;
				CLANG_WARN_INT_CONVERSION = YES;
				CLANG_WARN_NON_LITERAL_NULL_CONVERSION = YES;
				CLANG_WARN_OBJC_IMPLICIT_RETAIN_SELF = YES;
				CLANG_WARN_OBJC_LITERAL_CONVERSION = YES;
				CLANG_WARN_OBJC_ROOT_CLASS = YES_ERROR;
				CLANG_WARN_RANGE_LOOP_ANALYSIS = YES;
				CLANG_WARN_STRICT_PROTOTYPES = YES;
				CLANG_WARN_SUSPICIOUS_MOVE = YES;
				CLANG_WARN_UNGUARDED_AVAILABILITY = YES_AGGRESSIVE;
				CLANG_WARN_UNREACHABLE_CODE = YES;
				CLANG_WARN__DUPLICATE_METHOD_MATCH = YES;
				CODE_SIGN_IDENTITY = "iPhone Developer";
				COPY_PHASE_STRIP = NO;
				DEBUG_INFORMATION_FORMAT = dwarf;
				ENABLE_STRICT_OBJC_MSGSEND = YES;
				ENABLE_TESTABILITY = YES;
				GCC_C_LANGUAGE_STANDARD = gnu11;
				GCC_DYNAMIC_NO_PIC = NO;
				GCC_NO_COMMON_BLOCKS = YES;
				GCC_OPTIMIZATION_LEVEL = 0;
				GCC_PREPROCESSOR_DEFINITIONS = (
					"DEBUG=1",
					"$(inherited)",
				);
				GCC_WARN_64_TO_32_BIT_CONVERSION = YES;
				GCC_WARN_ABOUT_RETURN_TYPE = YES_ERROR;
				GCC_WARN_UNDECLARED_SELECTOR = YES;
				GCC_WARN_UNINITIALIZED_AUTOS = YES_AGGRESSIVE;
				GCC_WARN_UNUSED_FUNCTION = YES;
				GCC_WARN_UNUSED_VARIABLE = YES;
				IPHONEOS_DEPLOYMENT_TARGET = 12.1;
				MTL_ENABLE_DEBUG_INFO = INCLUDE_SOURCE;
				MTL_FAST_MATH = YES;
				ONLY_ACTIVE_ARCH = YES;
				SDKROOT = iphoneos;
				SWIFT_ACTIVE_COMPILATION_CONDITIONS = DEBUG;
				SWIFT_OPTIMIZATION_LEVEL = "-Onone";
			};
			name = Debug;
		};
		1FBB4AFA22686277002551E8 /* Release */ = {
			isa = XCBuildConfiguration;
			buildSettings = {
				ALWAYS_SEARCH_USER_PATHS = NO;
				CLANG_ANALYZER_NONNULL = YES;
				CLANG_ANALYZER_NUMBER_OBJECT_CONVERSION = YES_AGGRESSIVE;
				CLANG_CXX_LANGUAGE_STANDARD = "gnu++14";
				CLANG_CXX_LIBRARY = "libc++";
				CLANG_ENABLE_MODULES = YES;
				CLANG_ENABLE_OBJC_ARC = YES;
				CLANG_ENABLE_OBJC_WEAK = YES;
				CLANG_WARN_BLOCK_CAPTURE_AUTORELEASING = YES;
				CLANG_WARN_BOOL_CONVERSION = YES;
				CLANG_WARN_COMMA = YES;
				CLANG_WARN_CONSTANT_CONVERSION = YES;
				CLANG_WARN_DEPRECATED_OBJC_IMPLEMENTATIONS = YES;
				CLANG_WARN_DIRECT_OBJC_ISA_USAGE = YES_ERROR;
				CLANG_WARN_DOCUMENTATION_COMMENTS = YES;
				CLANG_WARN_EMPTY_BODY = YES;
				CLANG_WARN_ENUM_CONVERSION = YES;
				CLANG_WARN_INFINITE_RECURSION = YES;
				CLANG_WARN_INT_CONVERSION = YES;
				CLANG_WARN_NON_LITERAL_NULL_CONVERSION = YES;
				CLANG_WARN_OBJC_IMPLICIT_RETAIN_SELF = YES;
				CLANG_WARN_OBJC_LITERAL_CONVERSION = YES;
				CLANG_WARN_OBJC_ROOT_CLASS = YES_ERROR;
				CLANG_WARN_RANGE_LOOP_ANALYSIS = YES;
				CLANG_WARN_STRICT_PROTOTYPES = YES;
				CLANG_WARN_SUSPICIOUS_MOVE = YES;
				CLANG_WARN_UNGUARDED_AVAILABILITY = YES_AGGRESSIVE;
				CLANG_WARN_UNREACHABLE_CODE = YES;
				CLANG_WARN__DUPLICATE_METHOD_MATCH = YES;
				CODE_SIGN_IDENTITY = "iPhone Developer";
				COPY_PHASE_STRIP = NO;
				DEBUG_INFORMATION_FORMAT = "dwarf-with-dsym";
				ENABLE_NS_ASSERTIONS = NO;
				ENABLE_STRICT_OBJC_MSGSEND = YES;
				GCC_C_LANGUAGE_STANDARD = gnu11;
				GCC_NO_COMMON_BLOCKS = YES;
				GCC_WARN_64_TO_32_BIT_CONVERSION = YES;
				GCC_WARN_ABOUT_RETURN_TYPE = YES_ERROR;
				GCC_WARN_UNDECLARED_SELECTOR = YES;
				GCC_WARN_UNINITIALIZED_AUTOS = YES_AGGRESSIVE;
				GCC_WARN_UNUSED_FUNCTION = YES;
				GCC_WARN_UNUSED_VARIABLE = YES;
				IPHONEOS_DEPLOYMENT_TARGET = 12.1;
				MTL_ENABLE_DEBUG_INFO = NO;
				MTL_FAST_MATH = YES;
				SDKROOT = iphoneos;
				SWIFT_COMPILATION_MODE = wholemodule;
				SWIFT_OPTIMIZATION_LEVEL = "-O";
				VALIDATE_PRODUCT = YES;
			};
			name = Release;
		};
		1FBB4AFC22686277002551E8 /* Debug */ = {
			isa = XCBuildConfiguration;
			baseConfigurationReference = E441B60FD27EE3C6162C400A /* Pods-DeltaTest.debug.xcconfig */;
			buildSettings = {
				ASSETCATALOG_COMPILER_APPICON_NAME = AppIcon;
				CODE_SIGN_STYLE = Automatic;
				DEVELOPMENT_TEAM = 6245XZ9QL2;
				INFOPLIST_FILE = DeltaTest/Info.plist;
				LD_RUNPATH_SEARCH_PATHS = (
					"$(inherited)",
					"@executable_path/Frameworks",
				);
				PRODUCT_BUNDLE_IDENTIFIER = com.cts.com.DeltaTest;
				PRODUCT_NAME = "$(TARGET_NAME)";
				SWIFT_VERSION = 4.2;
				TARGETED_DEVICE_FAMILY = "1,2";
			};
			name = Debug;
		};
		1FBB4AFD22686277002551E8 /* Release */ = {
			isa = XCBuildConfiguration;
			baseConfigurationReference = 88F7412905355686B0426B33 /* Pods-DeltaTest.release.xcconfig */;
			buildSettings = {
				ASSETCATALOG_COMPILER_APPICON_NAME = AppIcon;
				CODE_SIGN_STYLE = Automatic;
				DEVELOPMENT_TEAM = 6245XZ9QL2;
				INFOPLIST_FILE = DeltaTest/Info.plist;
				LD_RUNPATH_SEARCH_PATHS = (
					"$(inherited)",
					"@executable_path/Frameworks",
				);
				PRODUCT_BUNDLE_IDENTIFIER = com.cts.com.DeltaTest;
				PRODUCT_NAME = "$(TARGET_NAME)";
				SWIFT_VERSION = 4.2;
				TARGETED_DEVICE_FAMILY = "1,2";
			};
			name = Release;
		};
		1FBB4AFF22686277002551E8 /* Debug */ = {
			isa = XCBuildConfiguration;
			baseConfigurationReference = 087E0280F71C1471A3F6C9DE /* Pods-DeltaTestTests.debug.xcconfig */;
			buildSettings = {
				ALWAYS_EMBED_SWIFT_STANDARD_LIBRARIES = YES;
				BUNDLE_LOADER = "$(TEST_HOST)";
				CODE_SIGN_STYLE = Automatic;
				INFOPLIST_FILE = DeltaTestTests/Info.plist;
				LD_RUNPATH_SEARCH_PATHS = (
					"$(inherited)",
					"@executable_path/Frameworks",
					"@loader_path/Frameworks",
				);
				PRODUCT_BUNDLE_IDENTIFIER = com.cts.com.DeltaTestTests;
				PRODUCT_NAME = "$(TARGET_NAME)";
				SWIFT_VERSION = 4.2;
				TARGETED_DEVICE_FAMILY = "1,2";
				TEST_HOST = "$(BUILT_PRODUCTS_DIR)/DeltaTest.app/DeltaTest";
			};
			name = Debug;
		};
		1FBB4B0022686277002551E8 /* Release */ = {
			isa = XCBuildConfiguration;
			baseConfigurationReference = 7F5A9CFB7DCDED421AAF6CCF /* Pods-DeltaTestTests.release.xcconfig */;
			buildSettings = {
				ALWAYS_EMBED_SWIFT_STANDARD_LIBRARIES = YES;
				BUNDLE_LOADER = "$(TEST_HOST)";
				CODE_SIGN_STYLE = Automatic;
				INFOPLIST_FILE = DeltaTestTests/Info.plist;
				LD_RUNPATH_SEARCH_PATHS = (
					"$(inherited)",
					"@executable_path/Frameworks",
					"@loader_path/Frameworks",
				);
				PRODUCT_BUNDLE_IDENTIFIER = com.cts.com.DeltaTestTests;
				PRODUCT_NAME = "$(TARGET_NAME)";
				SWIFT_VERSION = 4.2;
				TARGETED_DEVICE_FAMILY = "1,2";
				TEST_HOST = "$(BUILT_PRODUCTS_DIR)/DeltaTest.app/DeltaTest";
			};
			name = Release;
		};
		1FBB4B0222686277002551E8 /* Debug */ = {
			isa = XCBuildConfiguration;
			baseConfigurationReference = 586A35142F61A05DA2B30E82 /* Pods-DeltaTestUITests.debug.xcconfig */;
			buildSettings = {
				ALWAYS_EMBED_SWIFT_STANDARD_LIBRARIES = YES;
				CODE_SIGN_STYLE = Automatic;
				INFOPLIST_FILE = DeltaTestUITests/Info.plist;
				LD_RUNPATH_SEARCH_PATHS = (
					"$(inherited)",
					"@executable_path/Frameworks",
					"@loader_path/Frameworks",
				);
				PRODUCT_BUNDLE_IDENTIFIER = com.cts.com.DeltaTestUITests;
				PRODUCT_NAME = "$(TARGET_NAME)";
				SWIFT_VERSION = 4.2;
				TARGETED_DEVICE_FAMILY = "1,2";
				TEST_TARGET_NAME = DeltaTest;
			};
			name = Debug;
		};
		1FBB4B0322686277002551E8 /* Release */ = {
			isa = XCBuildConfiguration;
			baseConfigurationReference = D694243FDAE8D0E1E169048B /* Pods-DeltaTestUITests.release.xcconfig */;
			buildSettings = {
				ALWAYS_EMBED_SWIFT_STANDARD_LIBRARIES = YES;
				CODE_SIGN_STYLE = Automatic;
				INFOPLIST_FILE = DeltaTestUITests/Info.plist;
				LD_RUNPATH_SEARCH_PATHS = (
					"$(inherited)",
					"@executable_path/Frameworks",
					"@loader_path/Frameworks",
				);
				PRODUCT_BUNDLE_IDENTIFIER = com.cts.com.DeltaTestUITests;
				PRODUCT_NAME = "$(TARGET_NAME)";
				SWIFT_VERSION = 4.2;
				TARGETED_DEVICE_FAMILY = "1,2";
				TEST_TARGET_NAME = DeltaTest;
			};
			name = Release;
		};
/* End XCBuildConfiguration section */

/* Begin XCConfigurationList section */
		1FBB4ACB22686276002551E8 /* Build configuration list for PBXProject "DeltaTest" */ = {
			isa = XCConfigurationList;
			buildConfigurations = (
				1FBB4AF922686277002551E8 /* Debug */,
				1FBB4AFA22686277002551E8 /* Release */,
			);
			defaultConfigurationIsVisible = 0;
			defaultConfigurationName = Release;
		};
		1FBB4AFB22686277002551E8 /* Build configuration list for PBXNativeTarget "DeltaTest" */ = {
			isa = XCConfigurationList;
			buildConfigurations = (
				1FBB4AFC22686277002551E8 /* Debug */,
				1FBB4AFD22686277002551E8 /* Release */,
			);
			defaultConfigurationIsVisible = 0;
			defaultConfigurationName = Release;
		};
		1FBB4AFE22686277002551E8 /* Build configuration list for PBXNativeTarget "DeltaTestTests" */ = {
			isa = XCConfigurationList;
			buildConfigurations = (
				1FBB4AFF22686277002551E8 /* Debug */,
				1FBB4B0022686277002551E8 /* Release */,
			);
			defaultConfigurationIsVisible = 0;
			defaultConfigurationName = Release;
		};
		1FBB4B0122686277002551E8 /* Build configuration list for PBXNativeTarget "DeltaTestUITests" */ = {
			isa = XCConfigurationList;
			buildConfigurations = (
				1FBB4B0222686277002551E8 /* Debug */,
				1FBB4B0322686277002551E8 /* Release */,
			);
			defaultConfigurationIsVisible = 0;
			defaultConfigurationName = Release;
		};
/* End XCConfigurationList section */

/* Begin XCVersionGroup section */
		1FBB4ADA22686276002551E8 /* DeltaTest.xcdatamodeld */ = {
			isa = XCVersionGroup;
			children = (
				1FBB4ADB22686276002551E8 /* DeltaTest.xcdatamodel */,
			);
			currentVersion = 1FBB4ADB22686276002551E8 /* DeltaTest.xcdatamodel */;
			path = DeltaTest.xcdatamodeld;
			sourceTree = "<group>";
			versionGroupType = wrapper.xcdatamodel;
		};
/* End XCVersionGroup section */
	};
	rootObject = 1FBB4AC822686276002551E8 /* Project object */;
}
